// !$*UTF8*$!
{
	archiveVersion = 1;
	classes = {
	};
	objectVersion = 46;
	objects = {

/* Begin PBXBuildFile section */
		91F1387C1CC4924C00444784 /* AppDelegate.swift in Sources */ = {isa = PBXBuildFile; fileRef = 91F1387B1CC4924C00444784 /* AppDelegate.swift */; };
		91F1387E1CC4924C00444784 /* ViewController.swift in Sources */ = {isa = PBXBuildFile; fileRef = 91F1387D1CC4924C00444784 /* ViewController.swift */; };
		91F138811CC4924C00444784 /* Main.storyboard in Resources */ = {isa = PBXBuildFile; fileRef = 91F1387F1CC4924C00444784 /* Main.storyboard */; };
		91F138831CC4924C00444784 /* Assets.xcassets in Resources */ = {isa = PBXBuildFile; fileRef = 91F138821CC4924C00444784 /* Assets.xcassets */; };
		91F138861CC4924C00444784 /* LaunchScreen.storyboard in Resources */ = {isa = PBXBuildFile; fileRef = 91F138841CC4924C00444784 /* LaunchScreen.storyboard */; };
/* End PBXBuildFile section */

/* Begin PBXFileReference section */
		91F138781CC4924C00444784 /* OOP Exercise.app */ = {isa = PBXFileReference; explicitFileType = wrapper.application; includeInIndex = 0; path = "OOP Exercise.app"; sourceTree = BUILT_PRODUCTS_DIR; };
		91F1387B1CC4924C00444784 /* AppDelegate.swift */ = {isa = PBXFileReference; lastKnownFileType = sourcecode.swift; path = AppDelegate.swift; sourceTree = "<group>"; };
		91F1387D1CC4924C00444784 /* ViewController.swift */ = {isa = PBXFileReference; lastKnownFileType = sourcecode.swift; path = ViewController.swift; sourceTree = "<group>"; };
		91F138801CC4924C00444784 /* Base */ = {isa = PBXFileReference; lastKnownFileType = file.storyboard; name = Base; path = Base.lproj/Main.storyboard; sourceTree = "<group>"; };
		91F138821CC4924C00444784 /* Assets.xcassets */ = {isa = PBXFileReference; lastKnownFileType = folder.assetcatalog; path = Assets.xcassets; sourceTree = "<group>"; };
		91F138851CC4924C00444784 /* Base */ = {isa = PBXFileReference; lastKnownFileType = file.storyboard; name = Base; path = Base.lproj/LaunchScreen.storyboard; sourceTree = "<group>"; };
		91F138871CC4924C00444784 /* Info.plist */ = {isa = PBXFileReference; lastKnownFileType = text.plist.xml; path = Info.plist; sourceTree = "<group>"; };
/* End PBXFileReference section */

/* Begin PBXFrameworksBuildPhase section */
		91F138751CC4924C00444784 /* Frameworks */ = {
			isa = PBXFrameworksBuildPhase;
			buildActionMask = 2147483647;
			files = (
			);
			runOnlyForDeploymentPostprocessing = 0;
		};
/* End PBXFrameworksBuildPhase section */

/* Begin PBXGroup section */
		91F1386F1CC4924C00444784 = {
			isa = PBXGroup;
			children = (
				91F1387A1CC4924C00444784 /* OOP Exercise */,
				91F138791CC4924C00444784 /* Products */,
			);
			sourceTree = "<group>";
		};
		91F138791CC4924C00444784 /* Products */ = {
			isa = PBXGroup;
			children = (
				91F138781CC4924C00444784 /* OOP Exercise.app */,
			);
			name = Products;
			sourceTree = "<group>";
		};
		91F1387A1CC4924C00444784 /* OOP Exercise */ = {
			isa = PBXGroup;
			children = (
				91F1387B1CC4924C00444784 /* AppDelegate.swift */,
				91F1387D1CC4924C00444784 /* ViewController.swift */,
				91F1387F1CC4924C00444784 /* Main.storyboard */,
				91F138821CC4924C00444784 /* Assets.xcassets */,
				91F138841CC4924C00444784 /* LaunchScreen.storyboard */,
				91F138871CC4924C00444784 /* Info.plist */,
			);
			path = "OOP Exercise";
			sourceTree = "<group>";
		};
/* End PBXGroup section */

/* Begin PBXNativeTarget section */
		91F138771CC4924C00444784 /* OOP Exercise */ = {
			isa = PBXNativeTarget;
			buildConfigurationList = 91F1388A1CC4924C00444784 /* Build configuration list for PBXNativeTarget "OOP Exercise" */;
			buildPhases = (
				91F138741CC4924C00444784 /* Sources */,
				91F138751CC4924C00444784 /* Frameworks */,
				91F138761CC4924C00444784 /* Resources */,
			);
			buildRules = (
			);
			dependencies = (
			);
			name = "OOP Exercise";
			productName = "OOP Exercise";
			productReference = 91F138781CC4924C00444784 /* OOP Exercise.app */;
			productType = "com.apple.product-type.application";
		};
/* End PBXNativeTarget section */

/* Begin PBXProject section */
		91F138701CC4924C00444784 /* Project object */ = {
			isa = PBXProject;
			attributes = {
				LastSwiftUpdateCheck = 0730;
				LastUpgradeCheck = 0730;
				ORGANIZATIONNAME = Awsome;
				TargetAttributes = {
					91F138771CC4924C00444784 = {
						CreatedOnToolsVersion = 7.3;
						DevelopmentTeam = PW5CGBBSUC;
					};
				};
			};
			buildConfigurationList = 91F138731CC4924C00444784 /* Build configuration list for PBXProject "OOP Exercise" */;
			compatibilityVersion = "Xcode 3.2";
			developmentRegion = English;
			hasScannedForEncodings = 0;
			knownRegions = (
				en,
				Base,
			);
			mainGroup = 91F1386F1CC4924C00444784;
			productRefGroup = 91F138791CC4924C00444784 /* Products */;
			projectDirPath = "";
			projectRoot = "";
			targets = (
				91F138771CC4924C00444784 /* OOP Exercise */,
			);
		};
/* End PBXProject section */

/* Begin PBXResourcesBuildPhase section */
		91F138761CC4924C00444784 /* Resources */ = {
			isa = PBXResourcesBuildPhase;
			buildActionMask = 2147483647;
			files = (
				91F138861CC4924C00444784 /* LaunchScreen.storyboard in Resources */,
				91F138831CC4924C00444784 /* Assets.xcassets in Resources */,
				91F138811CC4924C00444784 /* Main.storyboard in Resources */,
			);
			runOnlyForDeploymentPostprocessing = 0;
		};
/* End PBXResourcesBuildPhase section */

/* Begin PBXSourcesBuildPhase section */
		91F138741CC4924C00444784 /* Sources */ = {
			isa = PBXSourcesBuildPhase;
			buildActionMask = 2147483647;
			files = (
				91F1387E1CC4924C00444784 /* ViewController.swift in Sources */,
				91F1387C1CC4924C00444784 /* AppDelegate.swift in Sources */,
			);
			runOnlyForDeploymentPostprocessing = 0;
		};
/* End PBXSourcesBuildPhase section */

/* Begin PBXVariantGroup section */
		91F1387F1CC4924C00444784 /* Main.storyboard */ = {
			isa = PBXVariantGroup;
			children = (
				91F138801CC4924C00444784 /* Base */,
			);
			name = Main.storyboard;
			sourceTree = "<group>";
		};
		91F138841CC4924C00444784 /* LaunchScreen.storyboard */ = {
			isa = PBXVariantGroup;
			children = (
				91F138851CC4924C00444784 /* Base */,
			);
			name = LaunchScreen.storyboard;
			sourceTree = "<group>";
		};
/* End PBXVariantGroup section */

/* Begin XCBuildConfiguration section */
		91F138881CC4924C00444784 /* Debug */ = {
			isa = XCBuildConfiguration;
			buildSettings = {
				ALWAYS_SEARCH_USER_PATHS = NO;
				CLANG_ANALYZER_NONNULL = YES;
				CLANG_CXX_LANGUAGE_STANDARD = "gnu++0x";
				CLANG_CXX_LIBRARY = "libc++";
				CLANG_ENABLE_MODULES = YES;
				CLANG_ENABLE_OBJC_ARC = YES;
				CLANG_WARN_BOOL_CONVERSION = YES;
				CLANG_WARN_CONSTANT_CONVERSION = YES;
				CLANG_WARN_DIRECT_OBJC_ISA_USAGE = YES_ERROR;
				CLANG_WARN_EMPTY_BODY = YES;
				CLANG_WARN_ENUM_CONVERSION = YES;
				CLANG_WARN_INT_CONVERSION = YES;
				CLANG_WARN_OBJC_ROOT_CLASS = YES_ERROR;
				CLANG_WARN_UNREACHABLE_CODE = YES;
				CLANG_WARN__DUPLICATE_METHOD_MATCH = YES;
				"CODE_SIGN_IDENTITY[sdk=iphoneos*]" = "iPhone Developer";
				COPY_PHASE_STRIP = NO;
				DEBUG_INFORMATION_FORMAT = dwarf;
				ENABLE_STRICT_OBJC_MSGSEND = YES;
				ENABLE_TESTABILITY = YES;
				GCC_C_LANGUAGE_STANDARD = gnu99;
				GCC_DYNAMIC_NO_PIC = NO;
				GCC_NO_COMMON_BLOCKS = YES;
				GCC_OPTIMIZATION_LEVEL = 0;
				GCC_PREPROCESSOR_DEFINITIONS = (
					"DEBUG=1",
					"$(inherited)",
				);
				GCC_WARN_64_TO_32_BIT_CONVERSION = YES;
				GCC_WARN_ABOUT_RETURN_TYPE = YES_ERROR;
				GCC_WARN_UNDECLARED_SELECTOR = YES;
				GCC_WARN_UNINITIALIZED_AUTOS = YES_AGGRESSIVE;
				GCC_WARN_UNUSED_FUNCTION = YES;
				GCC_WARN_UNUSED_VARIABLE = YES;
				IPHONEOS_DEPLOYMENT_TARGET = 9.3;
				MTL_ENABLE_DEBUG_INFO = YES;
				ONLY_ACTIVE_ARCH = YES;
				SDKROOT = iphoneos;
				SWIFT_OPTIMIZATION_LEVEL = "-Onone";
				TARGETED_DEVICE_FAMILY = "1,2";
			};
			name = Debug;
		};
		91F138891CC4924C00444784 /* Release */ = {
			isa = XCBuildConfiguration;
			buildSettings = {
				ALWAYS_SEARCH_USER_PATHS = NO;
				CLANG_ANALYZER_NONNULL = YES;
				CLANG_CXX_LANGUAGE_STANDARD = "gnu++0x";
				CLANG_CXX_LIBRARY = "libc++";
				CLANG_ENABLE_MODULES = YES;
				CLANG_ENABLE_OBJC_ARC = YES;
				CLANG_WARN_BOOL_CONVERSION = YES;
				CLANG_WARN_CONSTANT_CONVERSION = YES;
				CLANG_WARN_DIRECT_OBJC_ISA_USAGE = YES_ERROR;
				CLANG_WARN_EMPTY_BODY = YES;
				CLANG_WARN_ENUM_CONVERSION = YES;
				CLANG_WARN_INT_CONVERSION = YES;
				CLANG_WARN_OBJC_ROOT_CLASS = YES_ERROR;
				CLANG_WARN_UNREACHABLE_CODE = YES;
				CLANG_WARN__DUPLICATE_METHOD_MATCH = YES;
				"CODE_SIGN_IDENTITY[sdk=iphoneos*]" = "iPhone Developer";
				COPY_PHASE_STRIP = NO;
				DEBUG_INFORMATION_FORMAT = "dwarf-with-dsym";
				ENABLE_NS_ASSERTIONS = NO;
				ENABLE_STRICT_OBJC_MSGSEND = YES;
				GCC_C_LANGUAGE_STANDARD = gnu99;
				GCC_NO_COMMON_BLOCKS = YES;
				GCC_WARN_64_TO_32_BIT_CONVERSION = YES;
				GCC_WARN_ABOUT_RETURN_TYPE = YES_ERROR;
				GCC_WARN_UNDECLARED_SELECTOR = YES;
				GCC_WARN_UNINITIALIZED_AUTOS = YES_AGGRESSIVE;
				GCC_WARN_UNUSED_FUNCTION = YES;
				GCC_WARN_UNUSED_VARIABLE = YES;
				IPHONEOS_DEPLOYMENT_TARGET = 9.3;
				MTL_ENABLE_DEBUG_INFO = NO;
				SDKROOT = iphoneos;
				TARGETED_DEVICE_FAMILY = "1,2";
				VALIDATE_PRODUCT = YES;
			};
			name = Release;
		};
		91F1388B1CC4924C00444784 /* Debug */ = {
			isa = XCBuildConfiguration;
			buildSettings = {
				ASSETCATALOG_COMPILER_APPICON_NAME = AppIcon;
				INFOPLIST_FILE = "OOP Exercise/Info.plist";
				LD_RUNPATH_SEARCH_PATHS = "$(inherited) @executable_path/Frameworks";
				PRODUCT_BUNDLE_IDENTIFIER = "com.awesome.OOP-Exercise";
				PRODUCT_NAME = "$(TARGET_NAME)";
			};
			name = Debug;
		};
		91F1388C1CC4924C00444784 /* Release */ = {
			isa = XCBuildConfiguration;
			buildSettings = {
				ASSETCATALOG_COMPILER_APPICON_NAME = AppIcon;
				INFOPLIST_FILE = "OOP Exercise/Info.plist";
				LD_RUNPATH_SEARCH_PATHS = "$(inherited) @executable_path/Frameworks";
				PRODUCT_BUNDLE_IDENTIFIER = "com.awesome.OOP-Exercise";
				PRODUCT_NAME = "$(TARGET_NAME)";
			};
			name = Release;
		};
/* End XCBuildConfiguration section */

/* Begin XCConfigurationList section */
		91F138731CC4924C00444784 /* Build configuration list for PBXProject "OOP Exercise" */ = {
			isa = XCConfigurationList;
			buildConfigurations = (
				91F138881CC4924C00444784 /* Debug */,
				91F138891CC4924C00444784 /* Release */,
			);
			defaultConfigurationIsVisible = 0;
			defaultConfigurationName = Release;
		};
		91F1388A1CC4924C00444784 /* Build configuration list for PBXNativeTarget "OOP Exercise" */ = {
			isa = XCConfigurationList;
			buildConfigurations = (
				91F1388B1CC4924C00444784 /* Debug */,
				91F1388C1CC4924C00444784 /* Release */,
			);
			defaultConfigurationIsVisible = 0;
		};
/* End XCConfigurationList section */
	};
	rootObject = 91F138701CC4924C00444784 /* Project object */;
}
